
Microsoft Visual Studio Solution File, Format Version 12.00
# Visual Studio Version 16
VisualStudioVersion = 16.0.29409.12
MinimumVisualStudioVersion = 10.0.40219.1
Project("{FAE04EC0-301F-11D3-BF4B-00C04F79EFBC}") = "ScoreboardAPI", "ScoreboardAPI\ScoreboardAPI.csproj", "{D05F38AA-1B75-47AA-B9D2-08FABE495D2B}"
EndProject
Global
	GlobalSection(SolutionConfigurationPlatforms) = preSolution
		Debug|Any CPU = Debug|Any CPU
		Release|Any CPU = Release|Any CPU
	EndGlobalSection
	GlobalSection(ProjectConfigurationPlatforms) = postSolution
		{D05F38AA-1B75-47AA-B9D2-08FABE495D2B}.Debug|Any CPU.ActiveCfg = Debug|Any CPU
		{D05F38AA-1B75-47AA-B9D2-08FABE495D2B}.Debug|Any CPU.Build.0 = Debug|Any CPU
		{D05F38AA-1B75-47AA-B9D2-08FABE495D2B}.Release|Any CPU.ActiveCfg = Release|Any CPU
		{D05F38AA-1B75-47AA-B9D2-08FABE495D2B}.Release|Any CPU.Build.0 = Release|Any CPU
	EndGlobalSection
	GlobalSection(SolutionProperties) = preSolution
		HideSolutionNode = FALSE
	EndGlobalSection
	GlobalSection(ExtensibilityGlobals) = postSolution
		SolutionGuid = {10465FF6-56DD-461F-BA1F-1911FD82E423}
	EndGlobalSection
EndGlobal
